
Microsoft Visual Studio Solution File, Format Version 12.00
# Visual Studio 15
VisualStudioVersion = 15.0.28307.1231
MinimumVisualStudioVersion = 10.0.40219.1
Project("{888888A0-9F3D-457C-B088-3A5042F75D52}") = "New_Gens", "New_Gens.pyproj", "{FDC1818C-3279-4AA4-93DA-752D5A699BB8}"
EndProject
Global
	GlobalSection(SolutionConfigurationPlatforms) = preSolution
		Debug|Any CPU = Debug|Any CPU
		Release|Any CPU = Release|Any CPU
	EndGlobalSection
	GlobalSection(ProjectConfigurationPlatforms) = postSolution
		{FDC1818C-3279-4AA4-93DA-752D5A699BB8}.Debug|Any CPU.ActiveCfg = Debug|Any CPU
		{FDC1818C-3279-4AA4-93DA-752D5A699BB8}.Release|Any CPU.ActiveCfg = Release|Any CPU
	EndGlobalSection
	GlobalSection(SolutionProperties) = preSolution
		HideSolutionNode = FALSE
	EndGlobalSection
	GlobalSection(ExtensibilityGlobals) = postSolution
		SolutionGuid = {001CB649-590B-436D-9D7B-D1F237DD6B98}
	EndGlobalSection
EndGlobal
